
Microsoft Visual Studio Solution File, Format Version 12.00
# Visual Studio Version 17
VisualStudioVersion = 17.14.36109.1 d17.14
MinimumVisualStudioVersion = 10.0.40219.1
Project("{FAE04EC0-301F-11D3-BF4B-00C04F79EFBC}") = "PAS_APP", "PAS_APP\PAS_APP.csproj", "{A364D60A-FCB8-4D50-8B68-E8440F73281D}"
EndProject
Global
	GlobalSection(SolutionConfigurationPlatforms) = preSolution
		Debug|Any CPU = Debug|Any CPU
		Release|Any CPU = Release|Any CPU
	EndGlobalSection
	GlobalSection(ProjectConfigurationPlatforms) = postSolution
		{A364D60A-FCB8-4D50-8B68-E8440F73281D}.Debug|Any CPU.ActiveCfg = Debug|Any CPU
		{A364D60A-FCB8-4D50-8B68-E8440F73281D}.Debug|Any CPU.Build.0 = Debug|Any CPU
		{A364D60A-FCB8-4D50-8B68-E8440F73281D}.Release|Any CPU.ActiveCfg = Release|Any CPU
		{A364D60A-FCB8-4D50-8B68-E8440F73281D}.Release|Any CPU.Build.0 = Release|Any CPU
	EndGlobalSection
	GlobalSection(SolutionProperties) = preSolution
		HideSolutionNode = FALSE
	EndGlobalSection
	GlobalSection(ExtensibilityGlobals) = postSolution
		SolutionGuid = {C2BD4074-B9CD-45F0-AE7A-CD880CAA78BA}
	EndGlobalSection
EndGlobal
